{
  "requires": true,
  "lockfileVersion": 1,
  "dependencies": {
    "jsoncomp": {
      "version": "1.6.1",
      "resolved": "https://registry.npmjs.org/jsoncomp/-/jsoncomp-1.6.1.tgz",
      "integrity": "sha1-zsYVi+BbQKVA4lBfYWeoIV+QJDo="
    },
    "lzwcompress": {
      "version": "0.2.4",
      "resolved": "https://registry.npmjs.org/lzwcompress/-/lzwcompress-0.2.4.tgz",
      "integrity": "sha1-RQ00SiJwWdSP7qAZ7NXpg7PJHLQ="
    }
  }
}
